// !$*UTF8*$!
{
	archiveVersion = 1;
	classes = {
	};
	objectVersion = 60;
	objects = {

/* Begin PBXBuildFile section */
		8E38D0F02B480080001CEFF4 /* AppDelegate.swift in Sources */ = {isa = PBXBuildFile; fileRef = 8E38D0EF2B480080001CEFF4 /* AppDelegate.swift */; };
		8E38D0F22B480080001CEFF4 /* SceneDelegate.swift in Sources */ = {isa = PBXBuildFile; fileRef = 8E38D0F12B480080001CEFF4 /* SceneDelegate.swift */; };
		8E38D0F42B480080001CEFF4 /* ViewController.swift in Sources */ = {isa = PBXBuildFile; fileRef = 8E38D0F32B480080001CEFF4 /* ViewController.swift */; };
		8E38D0F72B480080001CEFF4 /* Main.storyboard in Resources */ = {isa = PBXBuildFile; fileRef = 8E38D0F52B480080001CEFF4 /* Main.storyboard */; };
		8E38D0F92B480080001CEFF4 /* Assets.xcassets in Resources */ = {isa = PBXBuildFile; fileRef = 8E38D0F82B480080001CEFF4 /* Assets.xcassets */; };
		8E38D0FC2B480080001CEFF4 /* LaunchScreen.storyboard in Resources */ = {isa = PBXBuildFile; fileRef = 8E38D0FA2B480080001CEFF4 /* LaunchScreen.storyboard */; };
		8E38D1042B480559001CEFF4 /* SettingsTableViewController.swift in Sources */ = {isa = PBXBuildFile; fileRef = 8E38D1032B480559001CEFF4 /* SettingsTableViewController.swift */; };
		8E38D1062B480D1C001CEFF4 /* ShoppingCheckListTableViewController.swift in Sources */ = {isa = PBXBuildFile; fileRef = 8E38D1052B480D1C001CEFF4 /* ShoppingCheckListTableViewController.swift */; };
		8E38D1082B480D39001CEFF4 /* ShoppingCheckListTableViewCell.swift in Sources */ = {isa = PBXBuildFile; fileRef = 8E38D1072B480D39001CEFF4 /* ShoppingCheckListTableViewCell.swift */; };
		8E3FE6D32B4D335200D49BDE /* CityInfoCollectionViewController.swift in Sources */ = {isa = PBXBuildFile; fileRef = 8E3FE6D22B4D335200D49BDE /* CityInfoCollectionViewController.swift */; };
		8E3FE6D52B4D346E00D49BDE /* CityInfoCollectionViewCell.swift in Sources */ = {isa = PBXBuildFile; fileRef = 8E3FE6D42B4D346D00D49BDE /* CityInfoCollectionViewCell.swift */; };
		8E3FE6D92B4D4DA200D49BDE /* CityCollectionViewCell.swift in Sources */ = {isa = PBXBuildFile; fileRef = 8E3FE6D72B4D4DA200D49BDE /* CityCollectionViewCell.swift */; };
		8E3FE6DA2B4D4DA200D49BDE /* CityCollectionViewCell.xib in Resources */ = {isa = PBXBuildFile; fileRef = 8E3FE6D82B4D4DA200D49BDE /* CityCollectionViewCell.xib */; };
		8E3FE6DC2B4D4DD300D49BDE /* City_Step2_CollectionViewController.swift in Sources */ = {isa = PBXBuildFile; fileRef = 8E3FE6DB2B4D4DD300D49BDE /* City_Step2_CollectionViewController.swift */; };
		8E3FE6DE2B4D5D0000D49BDE /* City_Step3_ViewController.swift in Sources */ = {isa = PBXBuildFile; fileRef = 8E3FE6DD2B4D5D0000D49BDE /* City_Step3_ViewController.swift */; };
		8E8DD5F42B4E96600029C8CE /* SetupCityCell.swift in Sources */ = {isa = PBXBuildFile; fileRef = 8E8DD5F32B4E96600029C8CE /* SetupCityCell.swift */; };
		8E8DD6452B4FD96C0029C8CE /* City.storyboard in Resources */ = {isa = PBXBuildFile; fileRef = 8E8DD6442B4FD96C0029C8CE /* City.storyboard */; };
		8E8DD6502B4FE1900029C8CE /* DetailCityInfoViewController.swift in Sources */ = {isa = PBXBuildFile; fileRef = 8E8DD64F2B4FE1900029C8CE /* DetailCityInfoViewController.swift */; };
		8E8DD6532B4FE2950029C8CE /* DetailCityInfoTableViewCell.swift in Sources */ = {isa = PBXBuildFile; fileRef = 8E8DD6512B4FE2950029C8CE /* DetailCityInfoTableViewCell.swift */; };
		8E8DD6542B4FE2950029C8CE /* DetailCityInfoTableViewCell.xib in Resources */ = {isa = PBXBuildFile; fileRef = 8E8DD6522B4FE2950029C8CE /* DetailCityInfoTableViewCell.xib */; };
		8E8DD65A2B4FF2650029C8CE /* AdvertiseTableViewCell.swift in Sources */ = {isa = PBXBuildFile; fileRef = 8E8DD6582B4FF2650029C8CE /* AdvertiseTableViewCell.swift */; };
		8E8DD65B2B4FF2650029C8CE /* AdvertiseTableViewCell.xib in Resources */ = {isa = PBXBuildFile; fileRef = 8E8DD6592B4FF2650029C8CE /* AdvertiseTableViewCell.xib */; };
		8E8DD6602B5006E70029C8CE /* AttractionsViewController.swift in Sources */ = {isa = PBXBuildFile; fileRef = 8E8DD65F2B5006E70029C8CE /* AttractionsViewController.swift */; };
		8E8DD6622B5006FF0029C8CE /* DetailAdvertiseViewController.swift in Sources */ = {isa = PBXBuildFile; fileRef = 8E8DD6612B5006FF0029C8CE /* DetailAdvertiseViewController.swift */; };
		8E8DD6642B500A100029C8CE /* Protocol.swift in Sources */ = {isa = PBXBuildFile; fileRef = 8E8DD6632B500A100029C8CE /* Protocol.swift */; };
		8E8DD6672B5017C00029C8CE /* Cosmos in Frameworks */ = {isa = PBXBuildFile; productRef = 8E8DD6662B5017C00029C8CE /* Cosmos */; };
		8EC5AB4C2B4C292600480157 /* MagazineInfoTableViewCell.swift in Sources */ = {isa = PBXBuildFile; fileRef = 8EC5AB4B2B4C292600480157 /* MagazineInfoTableViewCell.swift */; };
		8EC5AB4E2B4C2A3D00480157 /* MagazineInfoTableViewController.swift in Sources */ = {isa = PBXBuildFile; fileRef = 8EC5AB4D2B4C2A3D00480157 /* MagazineInfoTableViewController.swift */; };
		8EC5AB512B4C306A00480157 /* Kingfisher in Frameworks */ = {isa = PBXBuildFile; productRef = 8EC5AB502B4C306A00480157 /* Kingfisher */; };
/* End PBXBuildFile section */

/* Begin PBXFileReference section */
		8E38D0EC2B480080001CEFF4 /* SeSac_PracticeTableView.app */ = {isa = PBXFileReference; explicitFileType = wrapper.application; includeInIndex = 0; path = SeSac_PracticeTableView.app; sourceTree = BUILT_PRODUCTS_DIR; };
		8E38D0EF2B480080001CEFF4 /* AppDelegate.swift */ = {isa = PBXFileReference; lastKnownFileType = sourcecode.swift; path = AppDelegate.swift; sourceTree = "<group>"; };
		8E38D0F12B480080001CEFF4 /* SceneDelegate.swift */ = {isa = PBXFileReference; lastKnownFileType = sourcecode.swift; path = SceneDelegate.swift; sourceTree = "<group>"; };
		8E38D0F32B480080001CEFF4 /* ViewController.swift */ = {isa = PBXFileReference; lastKnownFileType = sourcecode.swift; path = ViewController.swift; sourceTree = "<group>"; };
		8E38D0F62B480080001CEFF4 /* Base */ = {isa = PBXFileReference; lastKnownFileType = file.storyboard; name = Base; path = Base.lproj/Main.storyboard; sourceTree = "<group>"; };
		8E38D0F82B480080001CEFF4 /* Assets.xcassets */ = {isa = PBXFileReference; lastKnownFileType = folder.assetcatalog; path = Assets.xcassets; sourceTree = "<group>"; };
		8E38D0FB2B480080001CEFF4 /* Base */ = {isa = PBXFileReference; lastKnownFileType = file.storyboard; name = Base; path = Base.lproj/LaunchScreen.storyboard; sourceTree = "<group>"; };
		8E38D0FD2B480080001CEFF4 /* Info.plist */ = {isa = PBXFileReference; lastKnownFileType = text.plist.xml; path = Info.plist; sourceTree = "<group>"; };
		8E38D1032B480559001CEFF4 /* SettingsTableViewController.swift */ = {isa = PBXFileReference; lastKnownFileType = sourcecode.swift; path = SettingsTableViewController.swift; sourceTree = "<group>"; };
		8E38D1052B480D1C001CEFF4 /* ShoppingCheckListTableViewController.swift */ = {isa = PBXFileReference; lastKnownFileType = sourcecode.swift; path = ShoppingCheckListTableViewController.swift; sourceTree = "<group>"; };
		8E38D1072B480D39001CEFF4 /* ShoppingCheckListTableViewCell.swift */ = {isa = PBXFileReference; lastKnownFileType = sourcecode.swift; path = ShoppingCheckListTableViewCell.swift; sourceTree = "<group>"; };
		8E3FE6D22B4D335200D49BDE /* CityInfoCollectionViewController.swift */ = {isa = PBXFileReference; lastKnownFileType = sourcecode.swift; path = CityInfoCollectionViewController.swift; sourceTree = "<group>"; };
		8E3FE6D42B4D346D00D49BDE /* CityInfoCollectionViewCell.swift */ = {isa = PBXFileReference; lastKnownFileType = sourcecode.swift; path = CityInfoCollectionViewCell.swift; sourceTree = "<group>"; };
		8E3FE6D72B4D4DA200D49BDE /* CityCollectionViewCell.swift */ = {isa = PBXFileReference; lastKnownFileType = sourcecode.swift; path = CityCollectionViewCell.swift; sourceTree = "<group>"; };
		8E3FE6D82B4D4DA200D49BDE /* CityCollectionViewCell.xib */ = {isa = PBXFileReference; lastKnownFileType = file.xib; path = CityCollectionViewCell.xib; sourceTree = "<group>"; };
		8E3FE6DB2B4D4DD300D49BDE /* City_Step2_CollectionViewController.swift */ = {isa = PBXFileReference; lastKnownFileType = sourcecode.swift; path = City_Step2_CollectionViewController.swift; sourceTree = "<group>"; };
		8E3FE6DD2B4D5D0000D49BDE /* City_Step3_ViewController.swift */ = {isa = PBXFileReference; lastKnownFileType = sourcecode.swift; path = City_Step3_ViewController.swift; sourceTree = "<group>"; };
		8E8DD5F32B4E96600029C8CE /* SetupCityCell.swift */ = {isa = PBXFileReference; lastKnownFileType = sourcecode.swift; path = SetupCityCell.swift; sourceTree = "<group>"; };
		8E8DD6442B4FD96C0029C8CE /* City.storyboard */ = {isa = PBXFileReference; lastKnownFileType = file.storyboard; path = City.storyboard; sourceTree = "<group>"; };
		8E8DD64F2B4FE1900029C8CE /* DetailCityInfoViewController.swift */ = {isa = PBXFileReference; lastKnownFileType = sourcecode.swift; path = DetailCityInfoViewController.swift; sourceTree = "<group>"; };
		8E8DD6512B4FE2950029C8CE /* DetailCityInfoTableViewCell.swift */ = {isa = PBXFileReference; lastKnownFileType = sourcecode.swift; path = DetailCityInfoTableViewCell.swift; sourceTree = "<group>"; };
		8E8DD6522B4FE2950029C8CE /* DetailCityInfoTableViewCell.xib */ = {isa = PBXFileReference; lastKnownFileType = file.xib; path = DetailCityInfoTableViewCell.xib; sourceTree = "<group>"; };
		8E8DD6582B4FF2650029C8CE /* AdvertiseTableViewCell.swift */ = {isa = PBXFileReference; lastKnownFileType = sourcecode.swift; path = AdvertiseTableViewCell.swift; sourceTree = "<group>"; };
		8E8DD6592B4FF2650029C8CE /* AdvertiseTableViewCell.xib */ = {isa = PBXFileReference; lastKnownFileType = file.xib; path = AdvertiseTableViewCell.xib; sourceTree = "<group>"; };
		8E8DD65F2B5006E70029C8CE /* AttractionsViewController.swift */ = {isa = PBXFileReference; lastKnownFileType = sourcecode.swift; path = AttractionsViewController.swift; sourceTree = "<group>"; };
		8E8DD6612B5006FF0029C8CE /* DetailAdvertiseViewController.swift */ = {isa = PBXFileReference; lastKnownFileType = sourcecode.swift; path = DetailAdvertiseViewController.swift; sourceTree = "<group>"; };
		8E8DD6632B500A100029C8CE /* Protocol.swift */ = {isa = PBXFileReference; lastKnownFileType = sourcecode.swift; path = Protocol.swift; sourceTree = "<group>"; };
		8EC5AB4B2B4C292600480157 /* MagazineInfoTableViewCell.swift */ = {isa = PBXFileReference; lastKnownFileType = sourcecode.swift; path = MagazineInfoTableViewCell.swift; sourceTree = "<group>"; };
		8EC5AB4D2B4C2A3D00480157 /* MagazineInfoTableViewController.swift */ = {isa = PBXFileReference; lastKnownFileType = sourcecode.swift; path = MagazineInfoTableViewController.swift; sourceTree = "<group>"; };
/* End PBXFileReference section */

/* Begin PBXFrameworksBuildPhase section */
		8E38D0E92B480080001CEFF4 /* Frameworks */ = {
			isa = PBXFrameworksBuildPhase;
			buildActionMask = 2147483647;
			files = (
				8E8DD6672B5017C00029C8CE /* Cosmos in Frameworks */,
				8EC5AB512B4C306A00480157 /* Kingfisher in Frameworks */,
			);
			runOnlyForDeploymentPostprocessing = 0;
		};
/* End PBXFrameworksBuildPhase section */

/* Begin PBXGroup section */
		8E38D0E32B480080001CEFF4 = {
			isa = PBXGroup;
			children = (
				8E38D0EE2B480080001CEFF4 /* SeSac_PracticeTableView */,
				8E38D0ED2B480080001CEFF4 /* Products */,
			);
			sourceTree = "<group>";
		};
		8E38D0ED2B480080001CEFF4 /* Products */ = {
			isa = PBXGroup;
			children = (
				8E38D0EC2B480080001CEFF4 /* SeSac_PracticeTableView.app */,
			);
			name = Products;
			sourceTree = "<group>";
		};
		8E38D0EE2B480080001CEFF4 /* SeSac_PracticeTableView */ = {
			isa = PBXGroup;
			children = (
				8E3FE6D62B4D4D6800D49BDE /* CityInfo */,
				8E38D0EF2B480080001CEFF4 /* AppDelegate.swift */,
				8E38D0F12B480080001CEFF4 /* SceneDelegate.swift */,
				8E38D0F32B480080001CEFF4 /* ViewController.swift */,
				8E38D1032B480559001CEFF4 /* SettingsTableViewController.swift */,
				8E38D1052B480D1C001CEFF4 /* ShoppingCheckListTableViewController.swift */,
				8E38D1072B480D39001CEFF4 /* ShoppingCheckListTableViewCell.swift */,
				8EC5AB4D2B4C2A3D00480157 /* MagazineInfoTableViewController.swift */,
				8EC5AB4B2B4C292600480157 /* MagazineInfoTableViewCell.swift */,
				8E38D0F52B480080001CEFF4 /* Main.storyboard */,
				8E38D0F82B480080001CEFF4 /* Assets.xcassets */,
				8E38D0FA2B480080001CEFF4 /* LaunchScreen.storyboard */,
				8E38D0FD2B480080001CEFF4 /* Info.plist */,
			);
			path = SeSac_PracticeTableView;
			sourceTree = "<group>";
		};
		8E3FE6D62B4D4D6800D49BDE /* CityInfo */ = {
			isa = PBXGroup;
			children = (
				8E8DD65C2B4FF5C10029C8CE /* Protocol */,
				8E8DD6562B4FE2B10029C8CE /* PracticeCity */,
				8E8DD6552B4FE2A10029C8CE /* DetailCity */,
				8E8DD6442B4FD96C0029C8CE /* City.storyboard */,
				8E3FE6D42B4D346D00D49BDE /* CityInfoCollectionViewCell.swift */,
				8E3FE6D82B4D4DA200D49BDE /* CityCollectionViewCell.xib */,
				8E3FE6D72B4D4DA200D49BDE /* CityCollectionViewCell.swift */,
				8E3FE6DD2B4D5D0000D49BDE /* City_Step3_ViewController.swift */,
				8E8DD5F32B4E96600029C8CE /* SetupCityCell.swift */,
			);
			path = CityInfo;
			sourceTree = "<group>";
		};
		8E8DD6552B4FE2A10029C8CE /* DetailCity */ = {
			isa = PBXGroup;
			children = (
				8E8DD64F2B4FE1900029C8CE /* DetailCityInfoViewController.swift */,
				8E8DD6512B4FE2950029C8CE /* DetailCityInfoTableViewCell.swift */,
				8E8DD6522B4FE2950029C8CE /* DetailCityInfoTableViewCell.xib */,
				8E8DD6582B4FF2650029C8CE /* AdvertiseTableViewCell.swift */,
				8E8DD6592B4FF2650029C8CE /* AdvertiseTableViewCell.xib */,
				8E8DD65F2B5006E70029C8CE /* AttractionsViewController.swift */,
				8E8DD6612B5006FF0029C8CE /* DetailAdvertiseViewController.swift */,
			);
			path = DetailCity;
			sourceTree = "<group>";
		};
		8E8DD6562B4FE2B10029C8CE /* PracticeCity */ = {
			isa = PBXGroup;
			children = (
				8E3FE6DB2B4D4DD300D49BDE /* City_Step2_CollectionViewController.swift */,
				8E3FE6D22B4D335200D49BDE /* CityInfoCollectionViewController.swift */,
			);
			path = PracticeCity;
			sourceTree = "<group>";
		};
		8E8DD65C2B4FF5C10029C8CE /* Protocol */ = {
			isa = PBXGroup;
			children = (
				8E8DD6632B500A100029C8CE /* Protocol.swift */,
			);
			path = Protocol;
			sourceTree = "<group>";
		};
/* End PBXGroup section */

/* Begin PBXNativeTarget section */
		8E38D0EB2B480080001CEFF4 /* SeSac_PracticeTableView */ = {
			isa = PBXNativeTarget;
			buildConfigurationList = 8E38D1002B480080001CEFF4 /* Build configuration list for PBXNativeTarget "SeSac_PracticeTableView" */;
			buildPhases = (
				8E38D0E82B480080001CEFF4 /* Sources */,
				8E38D0E92B480080001CEFF4 /* Frameworks */,
				8E38D0EA2B480080001CEFF4 /* Resources */,
			);
			buildRules = (
			);
			dependencies = (
			);
			name = SeSac_PracticeTableView;
			packageProductDependencies = (
				8EC5AB502B4C306A00480157 /* Kingfisher */,
				8E8DD6662B5017C00029C8CE /* Cosmos */,
			);
			productName = SeSac_PracticeTableView;
			productReference = 8E38D0EC2B480080001CEFF4 /* SeSac_PracticeTableView.app */;
			productType = "com.apple.product-type.application";
		};
/* End PBXNativeTarget section */

/* Begin PBXProject section */
		8E38D0E42B480080001CEFF4 /* Project object */ = {
			isa = PBXProject;
			attributes = {
				BuildIndependentTargetsInParallel = 1;
				LastSwiftUpdateCheck = 1510;
				LastUpgradeCheck = 1510;
				TargetAttributes = {
					8E38D0EB2B480080001CEFF4 = {
						CreatedOnToolsVersion = 15.1;
					};
				};
			};
			buildConfigurationList = 8E38D0E72B480080001CEFF4 /* Build configuration list for PBXProject "SeSac_PracticeTableView" */;
			compatibilityVersion = "Xcode 15.0";
			developmentRegion = en;
			hasScannedForEncodings = 0;
			knownRegions = (
				en,
				Base,
			);
			mainGroup = 8E38D0E32B480080001CEFF4;
			packageReferences = (
				8EC5AB4F2B4C306A00480157 /* XCRemoteSwiftPackageReference "Kingfisher" */,
				8E8DD6652B5017C00029C8CE /* XCRemoteSwiftPackageReference "Cosmos" */,
			);
			productRefGroup = 8E38D0ED2B480080001CEFF4 /* Products */;
			projectDirPath = "";
			projectRoot = "";
			targets = (
				8E38D0EB2B480080001CEFF4 /* SeSac_PracticeTableView */,
			);
		};
/* End PBXProject section */

/* Begin PBXResourcesBuildPhase section */
		8E38D0EA2B480080001CEFF4 /* Resources */ = {
			isa = PBXResourcesBuildPhase;
			buildActionMask = 2147483647;
			files = (
				8E38D0FC2B480080001CEFF4 /* LaunchScreen.storyboard in Resources */,
				8E38D0F92B480080001CEFF4 /* Assets.xcassets in Resources */,
				8E3FE6DA2B4D4DA200D49BDE /* CityCollectionViewCell.xib in Resources */,
				8E8DD6452B4FD96C0029C8CE /* City.storyboard in Resources */,
				8E8DD65B2B4FF2650029C8CE /* AdvertiseTableViewCell.xib in Resources */,
				8E38D0F72B480080001CEFF4 /* Main.storyboard in Resources */,
				8E8DD6542B4FE2950029C8CE /* DetailCityInfoTableViewCell.xib in Resources */,
			);
			runOnlyForDeploymentPostprocessing = 0;
		};
/* End PBXResourcesBuildPhase section */

/* Begin PBXSourcesBuildPhase section */
		8E38D0E82B480080001CEFF4 /* Sources */ = {
			isa = PBXSourcesBuildPhase;
			buildActionMask = 2147483647;
			files = (
				8E38D1042B480559001CEFF4 /* SettingsTableViewController.swift in Sources */,
				8E38D1062B480D1C001CEFF4 /* ShoppingCheckListTableViewController.swift in Sources */,
				8E38D1082B480D39001CEFF4 /* ShoppingCheckListTableViewCell.swift in Sources */,
				8E38D0F42B480080001CEFF4 /* ViewController.swift in Sources */,
				8E3FE6DC2B4D4DD300D49BDE /* City_Step2_CollectionViewController.swift in Sources */,
				8E8DD6642B500A100029C8CE /* Protocol.swift in Sources */,
				8E8DD6532B4FE2950029C8CE /* DetailCityInfoTableViewCell.swift in Sources */,
				8E8DD6502B4FE1900029C8CE /* DetailCityInfoViewController.swift in Sources */,
				8E3FE6D52B4D346E00D49BDE /* CityInfoCollectionViewCell.swift in Sources */,
				8E8DD5F42B4E96600029C8CE /* SetupCityCell.swift in Sources */,
				8E3FE6D32B4D335200D49BDE /* CityInfoCollectionViewController.swift in Sources */,
				8E8DD65A2B4FF2650029C8CE /* AdvertiseTableViewCell.swift in Sources */,
				8E8DD6602B5006E70029C8CE /* AttractionsViewController.swift in Sources */,
				8EC5AB4E2B4C2A3D00480157 /* MagazineInfoTableViewController.swift in Sources */,
				8EC5AB4C2B4C292600480157 /* MagazineInfoTableViewCell.swift in Sources */,
				8E3FE6DE2B4D5D0000D49BDE /* City_Step3_ViewController.swift in Sources */,
				8E3FE6D92B4D4DA200D49BDE /* CityCollectionViewCell.swift in Sources */,
				8E38D0F02B480080001CEFF4 /* AppDelegate.swift in Sources */,
				8E38D0F22B480080001CEFF4 /* SceneDelegate.swift in Sources */,
				8E8DD6622B5006FF0029C8CE /* DetailAdvertiseViewController.swift in Sources */,
			);
			runOnlyForDeploymentPostprocessing = 0;
		};
/* End PBXSourcesBuildPhase section */

/* Begin PBXVariantGroup section */
		8E38D0F52B480080001CEFF4 /* Main.storyboard */ = {
			isa = PBXVariantGroup;
			children = (
				8E38D0F62B480080001CEFF4 /* Base */,
			);
			name = Main.storyboard;
			sourceTree = "<group>";
		};
		8E38D0FA2B480080001CEFF4 /* LaunchScreen.storyboard */ = {
			isa = PBXVariantGroup;
			children = (
				8E38D0FB2B480080001CEFF4 /* Base */,
			);
			name = LaunchScreen.storyboard;
			sourceTree = "<group>";
		};
/* End PBXVariantGroup section */

/* Begin XCBuildConfiguration section */
		8E38D0FE2B480080001CEFF4 /* Debug */ = {
			isa = XCBuildConfiguration;
			buildSettings = {
				ALWAYS_SEARCH_USER_PATHS = NO;
				ASSETCATALOG_COMPILER_GENERATE_SWIFT_ASSET_SYMBOL_EXTENSIONS = YES;
				CLANG_ANALYZER_NONNULL = YES;
				CLANG_ANALYZER_NUMBER_OBJECT_CONVERSION = YES_AGGRESSIVE;
				CLANG_CXX_LANGUAGE_STANDARD = "gnu++20";
				CLANG_ENABLE_MODULES = YES;
				CLANG_ENABLE_OBJC_ARC = YES;
				CLANG_ENABLE_OBJC_WEAK = YES;
				CLANG_WARN_BLOCK_CAPTURE_AUTORELEASING = YES;
				CLANG_WARN_BOOL_CONVERSION = YES;
				CLANG_WARN_COMMA = YES;
				CLANG_WARN_CONSTANT_CONVERSION = YES;
				CLANG_WARN_DEPRECATED_OBJC_IMPLEMENTATIONS = YES;
				CLANG_WARN_DIRECT_OBJC_ISA_USAGE = YES_ERROR;
				CLANG_WARN_DOCUMENTATION_COMMENTS = YES;
				CLANG_WARN_EMPTY_BODY = YES;
				CLANG_WARN_ENUM_CONVERSION = YES;
				CLANG_WARN_INFINITE_RECURSION = YES;
				CLANG_WARN_INT_CONVERSION = YES;
				CLANG_WARN_NON_LITERAL_NULL_CONVERSION = YES;
				CLANG_WARN_OBJC_IMPLICIT_RETAIN_SELF = YES;
				CLANG_WARN_OBJC_LITERAL_CONVERSION = YES;
				CLANG_WARN_OBJC_ROOT_CLASS = YES_ERROR;
				CLANG_WARN_QUOTED_INCLUDE_IN_FRAMEWORK_HEADER = YES;
				CLANG_WARN_RANGE_LOOP_ANALYSIS = YES;
				CLANG_WARN_STRICT_PROTOTYPES = YES;
				CLANG_WARN_SUSPICIOUS_MOVE = YES;
				CLANG_WARN_UNGUARDED_AVAILABILITY = YES_AGGRESSIVE;
				CLANG_WARN_UNREACHABLE_CODE = YES;
				CLANG_WARN__DUPLICATE_METHOD_MATCH = YES;
				COPY_PHASE_STRIP = NO;
				DEBUG_INFORMATION_FORMAT = dwarf;
				ENABLE_STRICT_OBJC_MSGSEND = YES;
				ENABLE_TESTABILITY = YES;
				ENABLE_USER_SCRIPT_SANDBOXING = YES;
				GCC_C_LANGUAGE_STANDARD = gnu17;
				GCC_DYNAMIC_NO_PIC = NO;
				GCC_NO_COMMON_BLOCKS = YES;
				GCC_OPTIMIZATION_LEVEL = 0;
				GCC_PREPROCESSOR_DEFINITIONS = (
					"DEBUG=1",
					"$(inherited)",
				);
				GCC_WARN_64_TO_32_BIT_CONVERSION = YES;
				GCC_WARN_ABOUT_RETURN_TYPE = YES_ERROR;
				GCC_WARN_UNDECLARED_SELECTOR = YES;
				GCC_WARN_UNINITIALIZED_AUTOS = YES_AGGRESSIVE;
				GCC_WARN_UNUSED_FUNCTION = YES;
				GCC_WARN_UNUSED_VARIABLE = YES;
				IPHONEOS_DEPLOYMENT_TARGET = 17.0;
				LOCALIZATION_PREFERS_STRING_CATALOGS = YES;
				MTL_ENABLE_DEBUG_INFO = INCLUDE_SOURCE;
				MTL_FAST_MATH = YES;
				ONLY_ACTIVE_ARCH = YES;
				SDKROOT = iphoneos;
				SWIFT_ACTIVE_COMPILATION_CONDITIONS = "DEBUG $(inherited)";
				SWIFT_OPTIMIZATION_LEVEL = "-Onone";
			};
			name = Debug;
		};
		8E38D0FF2B480080001CEFF4 /* Release */ = {
			isa = XCBuildConfiguration;
			buildSettings = {
				ALWAYS_SEARCH_USER_PATHS = NO;
				ASSETCATALOG_COMPILER_GENERATE_SWIFT_ASSET_SYMBOL_EXTENSIONS = YES;
				CLANG_ANALYZER_NONNULL = YES;
				CLANG_ANALYZER_NUMBER_OBJECT_CONVERSION = YES_AGGRESSIVE;
				CLANG_CXX_LANGUAGE_STANDARD = "gnu++20";
				CLANG_ENABLE_MODULES = YES;
				CLANG_ENABLE_OBJC_ARC = YES;
				CLANG_ENABLE_OBJC_WEAK = YES;
				CLANG_WARN_BLOCK_CAPTURE_AUTORELEASING = YES;
				CLANG_WARN_BOOL_CONVERSION = YES;
				CLANG_WARN_COMMA = YES;
				CLANG_WARN_CONSTANT_CONVERSION = YES;
				CLANG_WARN_DEPRECATED_OBJC_IMPLEMENTATIONS = YES;
				CLANG_WARN_DIRECT_OBJC_ISA_USAGE = YES_ERROR;
				CLANG_WARN_DOCUMENTATION_COMMENTS = YES;
				CLANG_WARN_EMPTY_BODY = YES;
				CLANG_WARN_ENUM_CONVERSION = YES;
				CLANG_WARN_INFINITE_RECURSION = YES;
				CLANG_WARN_INT_CONVERSION = YES;
				CLANG_WARN_NON_LITERAL_NULL_CONVERSION = YES;
				CLANG_WARN_OBJC_IMPLICIT_RETAIN_SELF = YES;
				CLANG_WARN_OBJC_LITERAL_CONVERSION = YES;
				CLANG_WARN_OBJC_ROOT_CLASS = YES_ERROR;
				CLANG_WARN_QUOTED_INCLUDE_IN_FRAMEWORK_HEADER = YES;
				CLANG_WARN_RANGE_LOOP_ANALYSIS = YES;
				CLANG_WARN_STRICT_PROTOTYPES = YES;
				CLANG_WARN_SUSPICIOUS_MOVE = YES;
				CLANG_WARN_UNGUARDED_AVAILABILITY = YES_AGGRESSIVE;
				CLANG_WARN_UNREACHABLE_CODE = YES;
				CLANG_WARN__DUPLICATE_METHOD_MATCH = YES;
				COPY_PHASE_STRIP = NO;
				DEBUG_INFORMATION_FORMAT = "dwarf-with-dsym";
				ENABLE_NS_ASSERTIONS = NO;
				ENABLE_STRICT_OBJC_MSGSEND = YES;
				ENABLE_USER_SCRIPT_SANDBOXING = YES;
				GCC_C_LANGUAGE_STANDARD = gnu17;
				GCC_NO_COMMON_BLOCKS = YES;
				GCC_WARN_64_TO_32_BIT_CONVERSION = YES;
				GCC_WARN_ABOUT_RETURN_TYPE = YES_ERROR;
				GCC_WARN_UNDECLARED_SELECTOR = YES;
				GCC_WARN_UNINITIALIZED_AUTOS = YES_AGGRESSIVE;
				GCC_WARN_UNUSED_FUNCTION = YES;
				GCC_WARN_UNUSED_VARIABLE = YES;
				IPHONEOS_DEPLOYMENT_TARGET = 17.0;
				LOCALIZATION_PREFERS_STRING_CATALOGS = YES;
				MTL_ENABLE_DEBUG_INFO = NO;
				MTL_FAST_MATH = YES;
				SDKROOT = iphoneos;
				SWIFT_COMPILATION_MODE = wholemodule;
				VALIDATE_PRODUCT = YES;
			};
			name = Release;
		};
		8E38D1012B480080001CEFF4 /* Debug */ = {
			isa = XCBuildConfiguration;
			buildSettings = {
				ASSETCATALOG_COMPILER_APPICON_NAME = AppIcon;
				ASSETCATALOG_COMPILER_GLOBAL_ACCENT_COLOR_NAME = AccentColor;
				CODE_SIGN_STYLE = Automatic;
				CURRENT_PROJECT_VERSION = 1;
				DEVELOPMENT_TEAM = N63SBJ4UPF;
				GENERATE_INFOPLIST_FILE = YES;
				INFOPLIST_FILE = SeSac_PracticeTableView/Info.plist;
				INFOPLIST_KEY_UIApplicationSupportsIndirectInputEvents = YES;
				INFOPLIST_KEY_UILaunchStoryboardName = LaunchScreen;
				INFOPLIST_KEY_UIMainStoryboardFile = Main;
				INFOPLIST_KEY_UISupportedInterfaceOrientations_iPad = "UIInterfaceOrientationPortrait UIInterfaceOrientationPortraitUpsideDown UIInterfaceOrientationLandscapeLeft UIInterfaceOrientationLandscapeRight";
				INFOPLIST_KEY_UISupportedInterfaceOrientations_iPhone = "UIInterfaceOrientationPortrait UIInterfaceOrientationLandscapeLeft UIInterfaceOrientationLandscapeRight";
				IPHONEOS_DEPLOYMENT_TARGET = 17.0;
				LD_RUNPATH_SEARCH_PATHS = (
					"$(inherited)",
					"@executable_path/Frameworks",
				);
				MARKETING_VERSION = 1.0;
				PRODUCT_BUNDLE_IDENTIFIER = "com.youngjoo.SeSac-PracticeTableView";
				PRODUCT_NAME = "$(TARGET_NAME)";
				SUPPORTED_PLATFORMS = "iphoneos iphonesimulator";
				SUPPORTS_MACCATALYST = NO;
				SUPPORTS_MAC_DESIGNED_FOR_IPHONE_IPAD = NO;
				SWIFT_EMIT_LOC_STRINGS = YES;
				SWIFT_VERSION = 5.0;
				TARGETED_DEVICE_FAMILY = "1,2";
			};
			name = Debug;
		};
		8E38D1022B480080001CEFF4 /* Release */ = {
			isa = XCBuildConfiguration;
			buildSettings = {
				ASSETCATALOG_COMPILER_APPICON_NAME = AppIcon;
				ASSETCATALOG_COMPILER_GLOBAL_ACCENT_COLOR_NAME = AccentColor;
				CODE_SIGN_STYLE = Automatic;
				CURRENT_PROJECT_VERSION = 1;
				DEVELOPMENT_TEAM = N63SBJ4UPF;
				GENERATE_INFOPLIST_FILE = YES;
				INFOPLIST_FILE = SeSac_PracticeTableView/Info.plist;
				INFOPLIST_KEY_UIApplicationSupportsIndirectInputEvents = YES;
				INFOPLIST_KEY_UILaunchStoryboardName = LaunchScreen;
				INFOPLIST_KEY_UIMainStoryboardFile = Main;
				INFOPLIST_KEY_UISupportedInterfaceOrientations_iPad = "UIInterfaceOrientationPortrait UIInterfaceOrientationPortraitUpsideDown UIInterfaceOrientationLandscapeLeft UIInterfaceOrientationLandscapeRight";
				INFOPLIST_KEY_UISupportedInterfaceOrientations_iPhone = "UIInterfaceOrientationPortrait UIInterfaceOrientationLandscapeLeft UIInterfaceOrientationLandscapeRight";
				IPHONEOS_DEPLOYMENT_TARGET = 17.0;
				LD_RUNPATH_SEARCH_PATHS = (
					"$(inherited)",
					"@executable_path/Frameworks",
				);
				MARKETING_VERSION = 1.0;
				PRODUCT_BUNDLE_IDENTIFIER = "com.youngjoo.SeSac-PracticeTableView";
				PRODUCT_NAME = "$(TARGET_NAME)";
				SUPPORTED_PLATFORMS = "iphoneos iphonesimulator";
				SUPPORTS_MACCATALYST = NO;
				SUPPORTS_MAC_DESIGNED_FOR_IPHONE_IPAD = NO;
				SWIFT_EMIT_LOC_STRINGS = YES;
				SWIFT_VERSION = 5.0;
				TARGETED_DEVICE_FAMILY = "1,2";
			};
			name = Release;
		};
/* End XCBuildConfiguration section */

/* Begin XCConfigurationList section */
		8E38D0E72B480080001CEFF4 /* Build configuration list for PBXProject "SeSac_PracticeTableView" */ = {
			isa = XCConfigurationList;
			buildConfigurations = (
				8E38D0FE2B480080001CEFF4 /* Debug */,
				8E38D0FF2B480080001CEFF4 /* Release */,
			);
			defaultConfigurationIsVisible = 0;
			defaultConfigurationName = Release;
		};
		8E38D1002B480080001CEFF4 /* Build configuration list for PBXNativeTarget "SeSac_PracticeTableView" */ = {
			isa = XCConfigurationList;
			buildConfigurations = (
				8E38D1012B480080001CEFF4 /* Debug */,
				8E38D1022B480080001CEFF4 /* Release */,
			);
			defaultConfigurationIsVisible = 0;
			defaultConfigurationName = Release;
		};
/* End XCConfigurationList section */

/* Begin XCRemoteSwiftPackageReference section */
		8E8DD6652B5017C00029C8CE /* XCRemoteSwiftPackageReference "Cosmos" */ = {
			isa = XCRemoteSwiftPackageReference;
			repositoryURL = "https://github.com/evgenyneu/Cosmos.git";
			requirement = {
				kind = upToNextMajorVersion;
				minimumVersion = 24.0.0;
			};
		};
		8EC5AB4F2B4C306A00480157 /* XCRemoteSwiftPackageReference "Kingfisher" */ = {
			isa = XCRemoteSwiftPackageReference;
			repositoryURL = "https://github.com/onevcat/Kingfisher.git";
			requirement = {
				kind = upToNextMajorVersion;
				minimumVersion = 7.10.1;
			};
		};
/* End XCRemoteSwiftPackageReference section */

/* Begin XCSwiftPackageProductDependency section */
		8E8DD6662B5017C00029C8CE /* Cosmos */ = {
			isa = XCSwiftPackageProductDependency;
			package = 8E8DD6652B5017C00029C8CE /* XCRemoteSwiftPackageReference "Cosmos" */;
			productName = Cosmos;
		};
		8EC5AB502B4C306A00480157 /* Kingfisher */ = {
			isa = XCSwiftPackageProductDependency;
			package = 8EC5AB4F2B4C306A00480157 /* XCRemoteSwiftPackageReference "Kingfisher" */;
			productName = Kingfisher;
		};
/* End XCSwiftPackageProductDependency section */
	};
	rootObject = 8E38D0E42B480080001CEFF4 /* Project object */;
}
